// !$*UTF8*$!
{
	archiveVersion = 1;
	classes = {
	};
	objectVersion = 56;
	objects = {

/* Begin PBXBuildFile section */
		CE4774C52DB7330100B3CD43 /* AppDelegate.swift in Sources */ = {isa = PBXBuildFile; fileRef = CE4774C42DB7330100B3CD43 /* AppDelegate.swift */; };
		CE4774C72DB7330100B3CD43 /* SceneDelegate.swift in Sources */ = {isa = PBXBuildFile; fileRef = CE4774C62DB7330100B3CD43 /* SceneDelegate.swift */; };
		CE4774C92DB7330100B3CD43 /* LoginController.swift in Sources */ = {isa = PBXBuildFile; fileRef = CE4774C82DB7330100B3CD43 /* LoginController.swift */; };
		CE4774CC2DB7330100B3CD43 /* Main.storyboard in Resources */ = {isa = PBXBuildFile; fileRef = CE4774CA2DB7330100B3CD43 /* Main.storyboard */; };
		CE4774CE2DB7330400B3CD43 /* Assets.xcassets in Resources */ = {isa = PBXBuildFile; fileRef = CE4774CD2DB7330400B3CD43 /* Assets.xcassets */; };
		CE4774D12DB7330400B3CD43 /* LaunchScreen.storyboard in Resources */ = {isa = PBXBuildFile; fileRef = CE4774CF2DB7330400B3CD43 /* LaunchScreen.storyboard */; };
		CE4774DC2DB7330400B3CD43 /* DoAnIOSTests.swift in Sources */ = {isa = PBXBuildFile; fileRef = CE4774DB2DB7330400B3CD43 /* DoAnIOSTests.swift */; };
		CE4774E62DB7330400B3CD43 /* DoAnIOSUITests.swift in Sources */ = {isa = PBXBuildFile; fileRef = CE4774E52DB7330400B3CD43 /* DoAnIOSUITests.swift */; };
		CE4774E82DB7330400B3CD43 /* DoAnIOSUITestsLaunchTests.swift in Sources */ = {isa = PBXBuildFile; fileRef = CE4774E72DB7330400B3CD43 /* DoAnIOSUITestsLaunchTests.swift */; };
		CE4774F52DB76EF500B3CD43 /* HomeController.swift in Sources */ = {isa = PBXBuildFile; fileRef = CE4774F42DB76EF500B3CD43 /* HomeController.swift */; };
		CE4774F82DB7814C00B3CD43 /* SingUpController.swift in Sources */ = {isa = PBXBuildFile; fileRef = CE4774F72DB7814C00B3CD43 /* SingUpController.swift */; };
/* End PBXBuildFile section */

/* Begin PBXContainerItemProxy section */
		CE4774D82DB7330400B3CD43 /* PBXContainerItemProxy */ = {
			isa = PBXContainerItemProxy;
			containerPortal = CE4774B92DB7330100B3CD43 /* Project object */;
			proxyType = 1;
			remoteGlobalIDString = CE4774C02DB7330100B3CD43;
			remoteInfo = DoAnIOS;
		};
		CE4774E22DB7330400B3CD43 /* PBXContainerItemProxy */ = {
			isa = PBXContainerItemProxy;
			containerPortal = CE4774B92DB7330100B3CD43 /* Project object */;
			proxyType = 1;
			remoteGlobalIDString = CE4774C02DB7330100B3CD43;
			remoteInfo = DoAnIOS;
		};
/* End PBXContainerItemProxy section */

/* Begin PBXFileReference section */
		CE4774C12DB7330100B3CD43 /* DoAnIOS.app */ = {isa = PBXFileReference; explicitFileType = wrapper.application; includeInIndex = 0; path = DoAnIOS.app; sourceTree = BUILT_PRODUCTS_DIR; };
		CE4774C42DB7330100B3CD43 /* AppDelegate.swift */ = {isa = PBXFileReference; lastKnownFileType = sourcecode.swift; path = AppDelegate.swift; sourceTree = "<group>"; };
		CE4774C62DB7330100B3CD43 /* SceneDelegate.swift */ = {isa = PBXFileReference; lastKnownFileType = sourcecode.swift; path = SceneDelegate.swift; sourceTree = "<group>"; };
		CE4774C82DB7330100B3CD43 /* LoginController.swift */ = {isa = PBXFileReference; lastKnownFileType = sourcecode.swift; path = LoginController.swift; sourceTree = "<group>"; };
		CE4774CB2DB7330100B3CD43 /* Base */ = {isa = PBXFileReference; lastKnownFileType = file.storyboard; name = Base; path = Base.lproj/Main.storyboard; sourceTree = "<group>"; };
		CE4774CD2DB7330400B3CD43 /* Assets.xcassets */ = {isa = PBXFileReference; lastKnownFileType = folder.assetcatalog; path = Assets.xcassets; sourceTree = "<group>"; };
		CE4774D02DB7330400B3CD43 /* Base */ = {isa = PBXFileReference; lastKnownFileType = file.storyboard; name = Base; path = Base.lproj/LaunchScreen.storyboard; sourceTree = "<group>"; };
		CE4774D22DB7330400B3CD43 /* Info.plist */ = {isa = PBXFileReference; lastKnownFileType = text.plist.xml; path = Info.plist; sourceTree = "<group>"; };
		CE4774D72DB7330400B3CD43 /* DoAnIOSTests.xctest */ = {isa = PBXFileReference; explicitFileType = wrapper.cfbundle; includeInIndex = 0; path = DoAnIOSTests.xctest; sourceTree = BUILT_PRODUCTS_DIR; };
		CE4774DB2DB7330400B3CD43 /* DoAnIOSTests.swift */ = {isa = PBXFileReference; lastKnownFileType = sourcecode.swift; path = DoAnIOSTests.swift; sourceTree = "<group>"; };
		CE4774E12DB7330400B3CD43 /* DoAnIOSUITests.xctest */ = {isa = PBXFileReference; explicitFileType = wrapper.cfbundle; includeInIndex = 0; path = DoAnIOSUITests.xctest; sourceTree = BUILT_PRODUCTS_DIR; };
		CE4774E52DB7330400B3CD43 /* DoAnIOSUITests.swift */ = {isa = PBXFileReference; lastKnownFileType = sourcecode.swift; path = DoAnIOSUITests.swift; sourceTree = "<group>"; };
		CE4774E72DB7330400B3CD43 /* DoAnIOSUITestsLaunchTests.swift */ = {isa = PBXFileReference; lastKnownFileType = sourcecode.swift; path = DoAnIOSUITestsLaunchTests.swift; sourceTree = "<group>"; };
		CE4774F42DB76EF500B3CD43 /* HomeController.swift */ = {isa = PBXFileReference; lastKnownFileType = sourcecode.swift; path = HomeController.swift; sourceTree = "<group>"; };
		CE4774F72DB7814C00B3CD43 /* SingUpController.swift */ = {isa = PBXFileReference; lastKnownFileType = sourcecode.swift; path = SingUpController.swift; sourceTree = "<group>"; };
/* End PBXFileReference section */

/* Begin PBXFrameworksBuildPhase section */
		CE4774BE2DB7330100B3CD43 /* Frameworks */ = {
			isa = PBXFrameworksBuildPhase;
			buildActionMask = 2147483647;
			files = (
			);
			runOnlyForDeploymentPostprocessing = 0;
		};
		CE4774D42DB7330400B3CD43 /* Frameworks */ = {
			isa = PBXFrameworksBuildPhase;
			buildActionMask = 2147483647;
			files = (
			);
			runOnlyForDeploymentPostprocessing = 0;
		};
		CE4774DE2DB7330400B3CD43 /* Frameworks */ = {
			isa = PBXFrameworksBuildPhase;
			buildActionMask = 2147483647;
			files = (
			);
			runOnlyForDeploymentPostprocessing = 0;
		};
/* End PBXFrameworksBuildPhase section */

/* Begin PBXGroup section */
		CE4774B82DB7330100B3CD43 = {
			isa = PBXGroup;
			children = (
				CE4774C32DB7330100B3CD43 /* DoAnIOS */,
				CE4774DA2DB7330400B3CD43 /* DoAnIOSTests */,
				CE4774E42DB7330400B3CD43 /* DoAnIOSUITests */,
				CE4774C22DB7330100B3CD43 /* Products */,
			);
			sourceTree = "<group>";
		};
		CE4774C22DB7330100B3CD43 /* Products */ = {
			isa = PBXGroup;
			children = (
				CE4774C12DB7330100B3CD43 /* DoAnIOS.app */,
				CE4774D72DB7330400B3CD43 /* DoAnIOSTests.xctest */,
				CE4774E12DB7330400B3CD43 /* DoAnIOSUITests.xctest */,
			);
			name = Products;
			sourceTree = "<group>";
		};
		CE4774C32DB7330100B3CD43 /* DoAnIOS */ = {
			isa = PBXGroup;
			children = (
				CE4774F62DB7812600B3CD43 /* Controllers */,
				CE4774C42DB7330100B3CD43 /* AppDelegate.swift */,
				CE4774C62DB7330100B3CD43 /* SceneDelegate.swift */,
				CE4774CA2DB7330100B3CD43 /* Main.storyboard */,
				CE4774CD2DB7330400B3CD43 /* Assets.xcassets */,
				CE4774CF2DB7330400B3CD43 /* LaunchScreen.storyboard */,
				CE4774D22DB7330400B3CD43 /* Info.plist */,
			);
			path = DoAnIOS;
			sourceTree = "<group>";
		};
		CE4774DA2DB7330400B3CD43 /* DoAnIOSTests */ = {
			isa = PBXGroup;
			children = (
				CE4774DB2DB7330400B3CD43 /* DoAnIOSTests.swift */,
			);
			path = DoAnIOSTests;
			sourceTree = "<group>";
		};
		CE4774E42DB7330400B3CD43 /* DoAnIOSUITests */ = {
			isa = PBXGroup;
			children = (
				CE4774E52DB7330400B3CD43 /* DoAnIOSUITests.swift */,
				CE4774E72DB7330400B3CD43 /* DoAnIOSUITestsLaunchTests.swift */,
			);
			path = DoAnIOSUITests;
			sourceTree = "<group>";
		};
		CE4774F62DB7812600B3CD43 /* Controllers */ = {
			isa = PBXGroup;
			children = (
				CE4774C82DB7330100B3CD43 /* LoginController.swift */,
				CE4774F42DB76EF500B3CD43 /* HomeController.swift */,
				CE4774F72DB7814C00B3CD43 /* SingUpController.swift */,
			);
			path = Controllers;
			sourceTree = "<group>";
		};
/* End PBXGroup section */

/* Begin PBXNativeTarget section */
		CE4774C02DB7330100B3CD43 /* DoAnIOS */ = {
			isa = PBXNativeTarget;
			buildConfigurationList = CE4774EB2DB7330400B3CD43 /* Build configuration list for PBXNativeTarget "DoAnIOS" */;
			buildPhases = (
				CE4774BD2DB7330100B3CD43 /* Sources */,
				CE4774BE2DB7330100B3CD43 /* Frameworks */,
				CE4774BF2DB7330100B3CD43 /* Resources */,
			);
			buildRules = (
			);
			dependencies = (
			);
			name = DoAnIOS;
			productName = DoAnIOS;
			productReference = CE4774C12DB7330100B3CD43 /* DoAnIOS.app */;
			productType = "com.apple.product-type.application";
		};
		CE4774D62DB7330400B3CD43 /* DoAnIOSTests */ = {
			isa = PBXNativeTarget;
			buildConfigurationList = CE4774EE2DB7330400B3CD43 /* Build configuration list for PBXNativeTarget "DoAnIOSTests" */;
			buildPhases = (
				CE4774D32DB7330400B3CD43 /* Sources */,
				CE4774D42DB7330400B3CD43 /* Frameworks */,
				CE4774D52DB7330400B3CD43 /* Resources */,
			);
			buildRules = (
			);
			dependencies = (
				CE4774D92DB7330400B3CD43 /* PBXTargetDependency */,
			);
			name = DoAnIOSTests;
			productName = DoAnIOSTests;
			productReference = CE4774D72DB7330400B3CD43 /* DoAnIOSTests.xctest */;
			productType = "com.apple.product-type.bundle.unit-test";
		};
		CE4774E02DB7330400B3CD43 /* DoAnIOSUITests */ = {
			isa = PBXNativeTarget;
			buildConfigurationList = CE4774F12DB7330400B3CD43 /* Build configuration list for PBXNativeTarget "DoAnIOSUITests" */;
			buildPhases = (
				CE4774DD2DB7330400B3CD43 /* Sources */,
				CE4774DE2DB7330400B3CD43 /* Frameworks */,
				CE4774DF2DB7330400B3CD43 /* Resources */,
			);
			buildRules = (
			);
			dependencies = (
				CE4774E32DB7330400B3CD43 /* PBXTargetDependency */,
			);
			name = DoAnIOSUITests;
			productName = DoAnIOSUITests;
			productReference = CE4774E12DB7330400B3CD43 /* DoAnIOSUITests.xctest */;
			productType = "com.apple.product-type.bundle.ui-testing";
		};
/* End PBXNativeTarget section */

/* Begin PBXProject section */
		CE4774B92DB7330100B3CD43 /* Project object */ = {
			isa = PBXProject;
			attributes = {
				BuildIndependentTargetsInParallel = 1;
				LastSwiftUpdateCheck = 1420;
				LastUpgradeCheck = 1420;
				TargetAttributes = {
					CE4774C02DB7330100B3CD43 = {
						CreatedOnToolsVersion = 14.2;
					};
					CE4774D62DB7330400B3CD43 = {
						CreatedOnToolsVersion = 14.2;
						TestTargetID = CE4774C02DB7330100B3CD43;
					};
					CE4774E02DB7330400B3CD43 = {
						CreatedOnToolsVersion = 14.2;
						TestTargetID = CE4774C02DB7330100B3CD43;
					};
				};
			};
			buildConfigurationList = CE4774BC2DB7330100B3CD43 /* Build configuration list for PBXProject "DoAnIOS" */;
			compatibilityVersion = "Xcode 14.0";
			developmentRegion = en;
			hasScannedForEncodings = 0;
			knownRegions = (
				en,
				Base,
			);
			mainGroup = CE4774B82DB7330100B3CD43;
			productRefGroup = CE4774C22DB7330100B3CD43 /* Products */;
			projectDirPath = "";
			projectRoot = "";
			targets = (
				CE4774C02DB7330100B3CD43 /* DoAnIOS */,
				CE4774D62DB7330400B3CD43 /* DoAnIOSTests */,
				CE4774E02DB7330400B3CD43 /* DoAnIOSUITests */,
			);
		};
/* End PBXProject section */

/* Begin PBXResourcesBuildPhase section */
		CE4774BF2DB7330100B3CD43 /* Resources */ = {
			isa = PBXResourcesBuildPhase;
			buildActionMask = 2147483647;
			files = (
				CE4774D12DB7330400B3CD43 /* LaunchScreen.storyboard in Resources */,
				CE4774CE2DB7330400B3CD43 /* Assets.xcassets in Resources */,
				CE4774CC2DB7330100B3CD43 /* Main.storyboard in Resources */,
			);
			runOnlyForDeploymentPostprocessing = 0;
		};
		CE4774D52DB7330400B3CD43 /* Resources */ = {
			isa = PBXResourcesBuildPhase;
			buildActionMask = 2147483647;
			files = (
			);
			runOnlyForDeploymentPostprocessing = 0;
		};
		CE4774DF2DB7330400B3CD43 /* Resources */ = {
			isa = PBXResourcesBuildPhase;
			buildActionMask = 2147483647;
			files = (
			);
			runOnlyForDeploymentPostprocessing = 0;
		};
/* End PBXResourcesBuildPhase section */

/* Begin PBXSourcesBuildPhase section */
		CE4774BD2DB7330100B3CD43 /* Sources */ = {
			isa = PBXSourcesBuildPhase;
			buildActionMask = 2147483647;
			files = (
				CE4774F52DB76EF500B3CD43 /* HomeController.swift in Sources */,
				CE4774C92DB7330100B3CD43 /* LoginController.swift in Sources */,
				CE4774F82DB7814C00B3CD43 /* SingUpController.swift in Sources */,
				CE4774C52DB7330100B3CD43 /* AppDelegate.swift in Sources */,
				CE4774C72DB7330100B3CD43 /* SceneDelegate.swift in Sources */,
			);
			runOnlyForDeploymentPostprocessing = 0;
		};
		CE4774D32DB7330400B3CD43 /* Sources */ = {
			isa = PBXSourcesBuildPhase;
			buildActionMask = 2147483647;
			files = (
				CE4774DC2DB7330400B3CD43 /* DoAnIOSTests.swift in Sources */,
			);
			runOnlyForDeploymentPostprocessing = 0;
		};
		CE4774DD2DB7330400B3CD43 /* Sources */ = {
			isa = PBXSourcesBuildPhase;
			buildActionMask = 2147483647;
			files = (
				CE4774E82DB7330400B3CD43 /* DoAnIOSUITestsLaunchTests.swift in Sources */,
				CE4774E62DB7330400B3CD43 /* DoAnIOSUITests.swift in Sources */,
			);
			runOnlyForDeploymentPostprocessing = 0;
		};
/* End PBXSourcesBuildPhase section */

/* Begin PBXTargetDependency section */
		CE4774D92DB7330400B3CD43 /* PBXTargetDependency */ = {
			isa = PBXTargetDependency;
			target = CE4774C02DB7330100B3CD43 /* DoAnIOS */;
			targetProxy = CE4774D82DB7330400B3CD43 /* PBXContainerItemProxy */;
		};
		CE4774E32DB7330400B3CD43 /* PBXTargetDependency */ = {
			isa = PBXTargetDependency;
			target = CE4774C02DB7330100B3CD43 /* DoAnIOS */;
			targetProxy = CE4774E22DB7330400B3CD43 /* PBXContainerItemProxy */;
		};
/* End PBXTargetDependency section */

/* Begin PBXVariantGroup section */
		CE4774CA2DB7330100B3CD43 /* Main.storyboard */ = {
			isa = PBXVariantGroup;
			children = (
				CE4774CB2DB7330100B3CD43 /* Base */,
			);
			name = Main.storyboard;
			sourceTree = "<group>";
		};
		CE4774CF2DB7330400B3CD43 /* LaunchScreen.storyboard */ = {
			isa = PBXVariantGroup;
			children = (
				CE4774D02DB7330400B3CD43 /* Base */,
			);
			name = LaunchScreen.storyboard;
			sourceTree = "<group>";
		};
/* End PBXVariantGroup section */

/* Begin XCBuildConfiguration section */
		CE4774E92DB7330400B3CD43 /* Debug */ = {
			isa = XCBuildConfiguration;
			buildSettings = {
				ALWAYS_SEARCH_USER_PATHS = NO;
				CLANG_ANALYZER_NONNULL = YES;
				CLANG_ANALYZER_NUMBER_OBJECT_CONVERSION = YES_AGGRESSIVE;
				CLANG_CXX_LANGUAGE_STANDARD = "gnu++20";
				CLANG_ENABLE_MODULES = YES;
				CLANG_ENABLE_OBJC_ARC = YES;
				CLANG_ENABLE_OBJC_WEAK = YES;
				CLANG_WARN_BLOCK_CAPTURE_AUTORELEASING = YES;
				CLANG_WARN_BOOL_CONVERSION = YES;
				CLANG_WARN_COMMA = YES;
				CLANG_WARN_CONSTANT_CONVERSION = YES;
				CLANG_WARN_DEPRECATED_OBJC_IMPLEMENTATIONS = YES;
				CLANG_WARN_DIRECT_OBJC_ISA_USAGE = YES_ERROR;
				CLANG_WARN_DOCUMENTATION_COMMENTS = YES;
				CLANG_WARN_EMPTY_BODY = YES;
				CLANG_WARN_ENUM_CONVERSION = YES;
				CLANG_WARN_INFINITE_RECURSION = YES;
				CLANG_WARN_INT_CONVERSION = YES;
				CLANG_WARN_NON_LITERAL_NULL_CONVERSION = YES;
				CLANG_WARN_OBJC_IMPLICIT_RETAIN_SELF = YES;
				CLANG_WARN_OBJC_LITERAL_CONVERSION = YES;
				CLANG_WARN_OBJC_ROOT_CLASS = YES_ERROR;
				CLANG_WARN_QUOTED_INCLUDE_IN_FRAMEWORK_HEADER = YES;
				CLANG_WARN_RANGE_LOOP_ANALYSIS = YES;
				CLANG_WARN_STRICT_PROTOTYPES = YES;
				CLANG_WARN_SUSPICIOUS_MOVE = YES;
				CLANG_WARN_UNGUARDED_AVAILABILITY = YES_AGGRESSIVE;
				CLANG_WARN_UNREACHABLE_CODE = YES;
				CLANG_WARN__DUPLICATE_METHOD_MATCH = YES;
				COPY_PHASE_STRIP = NO;
				DEBUG_INFORMATION_FORMAT = dwarf;
				ENABLE_STRICT_OBJC_MSGSEND = YES;
				ENABLE_TESTABILITY = YES;
				GCC_C_LANGUAGE_STANDARD = gnu11;
				GCC_DYNAMIC_NO_PIC = NO;
				GCC_NO_COMMON_BLOCKS = YES;
				GCC_OPTIMIZATION_LEVEL = 0;
				GCC_PREPROCESSOR_DEFINITIONS = (
					"DEBUG=1",
					"$(inherited)",
				);
				GCC_WARN_64_TO_32_BIT_CONVERSION = YES;
				GCC_WARN_ABOUT_RETURN_TYPE = YES_ERROR;
				GCC_WARN_UNDECLARED_SELECTOR = YES;
				GCC_WARN_UNINITIALIZED_AUTOS = YES_AGGRESSIVE;
				GCC_WARN_UNUSED_FUNCTION = YES;
				GCC_WARN_UNUSED_VARIABLE = YES;
				IPHONEOS_DEPLOYMENT_TARGET = 16.2;
				MTL_ENABLE_DEBUG_INFO = INCLUDE_SOURCE;
				MTL_FAST_MATH = YES;
				ONLY_ACTIVE_ARCH = YES;
				SDKROOT = iphoneos;
				SWIFT_ACTIVE_COMPILATION_CONDITIONS = DEBUG;
				SWIFT_OPTIMIZATION_LEVEL = "-Onone";
			};
			name = Debug;
		};
		CE4774EA2DB7330400B3CD43 /* Release */ = {
			isa = XCBuildConfiguration;
			buildSettings = {
				ALWAYS_SEARCH_USER_PATHS = NO;
				CLANG_ANALYZER_NONNULL = YES;
				CLANG_ANALYZER_NUMBER_OBJECT_CONVERSION = YES_AGGRESSIVE;
				CLANG_CXX_LANGUAGE_STANDARD = "gnu++20";
				CLANG_ENABLE_MODULES = YES;
				CLANG_ENABLE_OBJC_ARC = YES;
				CLANG_ENABLE_OBJC_WEAK = YES;
				CLANG_WARN_BLOCK_CAPTURE_AUTORELEASING = YES;
				CLANG_WARN_BOOL_CONVERSION = YES;
				CLANG_WARN_COMMA = YES;
				CLANG_WARN_CONSTANT_CONVERSION = YES;
				CLANG_WARN_DEPRECATED_OBJC_IMPLEMENTATIONS = YES;
				CLANG_WARN_DIRECT_OBJC_ISA_USAGE = YES_ERROR;
				CLANG_WARN_DOCUMENTATION_COMMENTS = YES;
				CLANG_WARN_EMPTY_BODY = YES;
				CLANG_WARN_ENUM_CONVERSION = YES;
				CLANG_WARN_INFINITE_RECURSION = YES;
				CLANG_WARN_INT_CONVERSION = YES;
				CLANG_WARN_NON_LITERAL_NULL_CONVERSION = YES;
				CLANG_WARN_OBJC_IMPLICIT_RETAIN_SELF = YES;
				CLANG_WARN_OBJC_LITERAL_CONVERSION = YES;
				CLANG_WARN_OBJC_ROOT_CLASS = YES_ERROR;
				CLANG_WARN_QUOTED_INCLUDE_IN_FRAMEWORK_HEADER = YES;
				CLANG_WARN_RANGE_LOOP_ANALYSIS = YES;
				CLANG_WARN_STRICT_PROTOTYPES = YES;
				CLANG_WARN_SUSPICIOUS_MOVE = YES;
				CLANG_WARN_UNGUARDED_AVAILABILITY = YES_AGGRESSIVE;
				CLANG_WARN_UNREACHABLE_CODE = YES;
				CLANG_WARN__DUPLICATE_METHOD_MATCH = YES;
				COPY_PHASE_STRIP = NO;
				DEBUG_INFORMATION_FORMAT = "dwarf-with-dsym";
				ENABLE_NS_ASSERTIONS = NO;
				ENABLE_STRICT_OBJC_MSGSEND = YES;
				GCC_C_LANGUAGE_STANDARD = gnu11;
				GCC_NO_COMMON_BLOCKS = YES;
				GCC_WARN_64_TO_32_BIT_CONVERSION = YES;
				GCC_WARN_ABOUT_RETURN_TYPE = YES_ERROR;
				GCC_WARN_UNDECLARED_SELECTOR = YES;
				GCC_WARN_UNINITIALIZED_AUTOS = YES_AGGRESSIVE;
				GCC_WARN_UNUSED_FUNCTION = YES;
				GCC_WARN_UNUSED_VARIABLE = YES;
				IPHONEOS_DEPLOYMENT_TARGET = 16.2;
				MTL_ENABLE_DEBUG_INFO = NO;
				MTL_FAST_MATH = YES;
				SDKROOT = iphoneos;
				SWIFT_COMPILATION_MODE = wholemodule;
				SWIFT_OPTIMIZATION_LEVEL = "-O";
				VALIDATE_PRODUCT = YES;
			};
			name = Release;
		};
		CE4774EC2DB7330400B3CD43 /* Debug */ = {
			isa = XCBuildConfiguration;
			buildSettings = {
				ASSETCATALOG_COMPILER_APPICON_NAME = AppIcon;
				ASSETCATALOG_COMPILER_GLOBAL_ACCENT_COLOR_NAME = AccentColor;
				CODE_SIGN_STYLE = Automatic;
				CURRENT_PROJECT_VERSION = 1;
				GENERATE_INFOPLIST_FILE = YES;
				INFOPLIST_FILE = DoAnIOS/Info.plist;
				INFOPLIST_KEY_UIApplicationSupportsIndirectInputEvents = YES;
				INFOPLIST_KEY_UILaunchStoryboardName = LaunchScreen;
				INFOPLIST_KEY_UIMainStoryboardFile = Main;
				INFOPLIST_KEY_UISupportedInterfaceOrientations_iPad = "UIInterfaceOrientationPortrait UIInterfaceOrientationPortraitUpsideDown UIInterfaceOrientationLandscapeLeft UIInterfaceOrientationLandscapeRight";
				INFOPLIST_KEY_UISupportedInterfaceOrientations_iPhone = "UIInterfaceOrientationPortrait UIInterfaceOrientationLandscapeLeft UIInterfaceOrientationLandscapeRight";
				LD_RUNPATH_SEARCH_PATHS = (
					"$(inherited)",
					"@executable_path/Frameworks",
				);
				MARKETING_VERSION = 1.0;
				PRODUCT_BUNDLE_IDENTIFIER = vn.edu.tdc.DoAnIOS;
				PRODUCT_NAME = "$(TARGET_NAME)";
				SWIFT_EMIT_LOC_STRINGS = YES;
				SWIFT_VERSION = 5.0;
				TARGETED_DEVICE_FAMILY = "1,2";
			};
			name = Debug;
		};
		CE4774ED2DB7330400B3CD43 /* Release */ = {
			isa = XCBuildConfiguration;
			buildSettings = {
				ASSETCATALOG_COMPILER_APPICON_NAME = AppIcon;
				ASSETCATALOG_COMPILER_GLOBAL_ACCENT_COLOR_NAME = AccentColor;
				CODE_SIGN_STYLE = Automatic;
				CURRENT_PROJECT_VERSION = 1;
				GENERATE_INFOPLIST_FILE = YES;
				INFOPLIST_FILE = DoAnIOS/Info.plist;
				INFOPLIST_KEY_UIApplicationSupportsIndirectInputEvents = YES;
				INFOPLIST_KEY_UILaunchStoryboardName = LaunchScreen;
				INFOPLIST_KEY_UIMainStoryboardFile = Main;
				INFOPLIST_KEY_UISupportedInterfaceOrientations_iPad = "UIInterfaceOrientationPortrait UIInterfaceOrientationPortraitUpsideDown UIInterfaceOrientationLandscapeLeft UIInterfaceOrientationLandscapeRight";
				INFOPLIST_KEY_UISupportedInterfaceOrientations_iPhone = "UIInterfaceOrientationPortrait UIInterfaceOrientationLandscapeLeft UIInterfaceOrientationLandscapeRight";
				LD_RUNPATH_SEARCH_PATHS = (
					"$(inherited)",
					"@executable_path/Frameworks",
				);
				MARKETING_VERSION = 1.0;
				PRODUCT_BUNDLE_IDENTIFIER = vn.edu.tdc.DoAnIOS;
				PRODUCT_NAME = "$(TARGET_NAME)";
				SWIFT_EMIT_LOC_STRINGS = YES;
				SWIFT_VERSION = 5.0;
				TARGETED_DEVICE_FAMILY = "1,2";
			};
			name = Release;
		};
		CE4774EF2DB7330400B3CD43 /* Debug */ = {
			isa = XCBuildConfiguration;
			buildSettings = {
				ALWAYS_EMBED_SWIFT_STANDARD_LIBRARIES = YES;
				BUNDLE_LOADER = "$(TEST_HOST)";
				CODE_SIGN_STYLE = Automatic;
				CURRENT_PROJECT_VERSION = 1;
				GENERATE_INFOPLIST_FILE = YES;
				IPHONEOS_DEPLOYMENT_TARGET = 16.2;
				MARKETING_VERSION = 1.0;
				PRODUCT_BUNDLE_IDENTIFIER = vn.edu.tdc.DoAnIOSTests;
				PRODUCT_NAME = "$(TARGET_NAME)";
				SWIFT_EMIT_LOC_STRINGS = NO;
				SWIFT_VERSION = 5.0;
				TARGETED_DEVICE_FAMILY = "1,2";
				TEST_HOST = "$(BUILT_PRODUCTS_DIR)/DoAnIOS.app/$(BUNDLE_EXECUTABLE_FOLDER_PATH)/DoAnIOS";
			};
			name = Debug;
		};
		CE4774F02DB7330400B3CD43 /* Release */ = {
			isa = XCBuildConfiguration;
			buildSettings = {
				ALWAYS_EMBED_SWIFT_STANDARD_LIBRARIES = YES;
				BUNDLE_LOADER = "$(TEST_HOST)";
				CODE_SIGN_STYLE = Automatic;
				CURRENT_PROJECT_VERSION = 1;
				GENERATE_INFOPLIST_FILE = YES;
				IPHONEOS_DEPLOYMENT_TARGET = 16.2;
				MARKETING_VERSION = 1.0;
				PRODUCT_BUNDLE_IDENTIFIER = vn.edu.tdc.DoAnIOSTests;
				PRODUCT_NAME = "$(TARGET_NAME)";
				SWIFT_EMIT_LOC_STRINGS = NO;
				SWIFT_VERSION = 5.0;
				TARGETED_DEVICE_FAMILY = "1,2";
				TEST_HOST = "$(BUILT_PRODUCTS_DIR)/DoAnIOS.app/$(BUNDLE_EXECUTABLE_FOLDER_PATH)/DoAnIOS";
			};
			name = Release;
		};
		CE4774F22DB7330400B3CD43 /* Debug */ = {
			isa = XCBuildConfiguration;
			buildSettings = {
				ALWAYS_EMBED_SWIFT_STANDARD_LIBRARIES = YES;
				CODE_SIGN_STYLE = Automatic;
				CURRENT_PROJECT_VERSION = 1;
				GENERATE_INFOPLIST_FILE = YES;
				MARKETING_VERSION = 1.0;
				PRODUCT_BUNDLE_IDENTIFIER = vn.edu.tdc.DoAnIOSUITests;
				PRODUCT_NAME = "$(TARGET_NAME)";
				SWIFT_EMIT_LOC_STRINGS = NO;
				SWIFT_VERSION = 5.0;
				TARGETED_DEVICE_FAMILY = "1,2";
				TEST_TARGET_NAME = DoAnIOS;
			};
			name = Debug;
		};
		CE4774F32DB7330400B3CD43 /* Release */ = {
			isa = XCBuildConfiguration;
			buildSettings = {
				ALWAYS_EMBED_SWIFT_STANDARD_LIBRARIES = YES;
				CODE_SIGN_STYLE = Automatic;
				CURRENT_PROJECT_VERSION = 1;
				GENERATE_INFOPLIST_FILE = YES;
				MARKETING_VERSION = 1.0;
				PRODUCT_BUNDLE_IDENTIFIER = vn.edu.tdc.DoAnIOSUITests;
				PRODUCT_NAME = "$(TARGET_NAME)";
				SWIFT_EMIT_LOC_STRINGS = NO;
				SWIFT_VERSION = 5.0;
				TARGETED_DEVICE_FAMILY = "1,2";
				TEST_TARGET_NAME = DoAnIOS;
			};
			name = Release;
		};
/* End XCBuildConfiguration section */

/* Begin XCConfigurationList section */
		CE4774BC2DB7330100B3CD43 /* Build configuration list for PBXProject "DoAnIOS" */ = {
			isa = XCConfigurationList;
			buildConfigurations = (
				CE4774E92DB7330400B3CD43 /* Debug */,
				CE4774EA2DB7330400B3CD43 /* Release */,
			);
			defaultConfigurationIsVisible = 0;
			defaultConfigurationName = Release;
		};
		CE4774EB2DB7330400B3CD43 /* Build configuration list for PBXNativeTarget "DoAnIOS" */ = {
			isa = XCConfigurationList;
			buildConfigurations = (
				CE4774EC2DB7330400B3CD43 /* Debug */,
				CE4774ED2DB7330400B3CD43 /* Release */,
			);
			defaultConfigurationIsVisible = 0;
			defaultConfigurationName = Release;
		};
		CE4774EE2DB7330400B3CD43 /* Build configuration list for PBXNativeTarget "DoAnIOSTests" */ = {
			isa = XCConfigurationList;
			buildConfigurations = (
				CE4774EF2DB7330400B3CD43 /* Debug */,
				CE4774F02DB7330400B3CD43 /* Release */,
			);
			defaultConfigurationIsVisible = 0;
			defaultConfigurationName = Release;
		};
		CE4774F12DB7330400B3CD43 /* Build configuration list for PBXNativeTarget "DoAnIOSUITests" */ = {
			isa = XCConfigurationList;
			buildConfigurations = (
				CE4774F22DB7330400B3CD43 /* Debug */,
				CE4774F32DB7330400B3CD43 /* Release */,
			);
			defaultConfigurationIsVisible = 0;
			defaultConfigurationName = Release;
		};
/* End XCConfigurationList section */
	};
	rootObject = CE4774B92DB7330100B3CD43 /* Project object */;
}
