// !$*UTF8*$!
{
	archiveVersion = 1;
	classes = {
	};
	objectVersion = 56;
	objects = {

/* Begin PBXBuildFile section */
		CE41A1032DB8C8840008648B /* AppDelegate.swift in Sources */ = {isa = PBXBuildFile; fileRef = CE41A1022DB8C8840008648B /* AppDelegate.swift */; };
		CE41A1052DB8C8840008648B /* SceneDelegate.swift in Sources */ = {isa = PBXBuildFile; fileRef = CE41A1042DB8C8840008648B /* SceneDelegate.swift */; };
		CE41A1072DB8C8840008648B /* ProductDetailController.swift in Sources */ = {isa = PBXBuildFile; fileRef = CE41A1062DB8C8840008648B /* ProductDetailController.swift */; };
		CE41A10A2DB8C8840008648B /* Main.storyboard in Resources */ = {isa = PBXBuildFile; fileRef = CE41A1082DB8C8840008648B /* Main.storyboard */; };
		CE41A10C2DB8C8850008648B /* Assets.xcassets in Resources */ = {isa = PBXBuildFile; fileRef = CE41A10B2DB8C8850008648B /* Assets.xcassets */; };
		CE41A10F2DB8C8850008648B /* LaunchScreen.storyboard in Resources */ = {isa = PBXBuildFile; fileRef = CE41A10D2DB8C8850008648B /* LaunchScreen.storyboard */; };
		CE41A11A2DB8C8850008648B /* DoAnIOS_ProductTests.swift in Sources */ = {isa = PBXBuildFile; fileRef = CE41A1192DB8C8850008648B /* DoAnIOS_ProductTests.swift */; };
		CE41A1242DB8C8850008648B /* DoAnIOS_ProductUITests.swift in Sources */ = {isa = PBXBuildFile; fileRef = CE41A1232DB8C8850008648B /* DoAnIOS_ProductUITests.swift */; };
		CE41A1262DB8C8850008648B /* DoAnIOS_ProductUITestsLaunchTests.swift in Sources */ = {isa = PBXBuildFile; fileRef = CE41A1252DB8C8850008648B /* DoAnIOS_ProductUITestsLaunchTests.swift */; };
		CE4BF88A2DB93002000FAB77 /* libsqlite3.0.tbd in Frameworks */ = {isa = PBXBuildFile; fileRef = CE4BF8892DB93002000FAB77 /* libsqlite3.0.tbd */; };
		CE5E1AB52DB948AA0043DD96 /* ProductTableViewController.swift in Sources */ = {isa = PBXBuildFile; fileRef = CE5E1AB42DB948AA0043DD96 /* ProductTableViewController.swift */; };
		CE85D5D62DB9F9000099C0C9 /* Database.swift in Sources */ = {isa = PBXBuildFile; fileRef = CE85D5D52DB9F9000099C0C9 /* Database.swift */; };
		CE9A28FB2DB9370A00EDE3EF /* FMResultSet.m in Sources */ = {isa = PBXBuildFile; fileRef = CE9A28F02DB9370A00EDE3EF /* FMResultSet.m */; };
		CE9A28FC2DB9370A00EDE3EF /* info-xrOS.plist in Resources */ = {isa = PBXBuildFile; fileRef = CE9A28F12DB9370A00EDE3EF /* info-xrOS.plist */; };
		CE9A28FD2DB9370A00EDE3EF /* FMDatabasePool.m in Sources */ = {isa = PBXBuildFile; fileRef = CE9A28F22DB9370A00EDE3EF /* FMDatabasePool.m */; };
		CE9A28FE2DB9370A00EDE3EF /* FMDatabaseQueue.m in Sources */ = {isa = PBXBuildFile; fileRef = CE9A28F52DB9370A00EDE3EF /* FMDatabaseQueue.m */; };
		CE9A28FF2DB9370A00EDE3EF /* FMDatabaseAdditions.m in Sources */ = {isa = PBXBuildFile; fileRef = CE9A28F82DB9370A00EDE3EF /* FMDatabaseAdditions.m */; };
		CE9A29002DB9370A00EDE3EF /* FMDatabase.m in Sources */ = {isa = PBXBuildFile; fileRef = CE9A28FA2DB9370A00EDE3EF /* FMDatabase.m */; };
		CE9A29042DB938AF00EDE3EF /* Product.swift in Sources */ = {isa = PBXBuildFile; fileRef = CE9A29032DB938AF00EDE3EF /* Product.swift */; };
		CE9A290B2DB93C6800EDE3EF /* ProductCell.swift in Sources */ = {isa = PBXBuildFile; fileRef = CE9A290A2DB93C6800EDE3EF /* ProductCell.swift */; };
		CEB7C9722DBB28150054A4A7 /* LoginController.swift in Sources */ = {isa = PBXBuildFile; fileRef = CEB7C9712DBB28150054A4A7 /* LoginController.swift */; };
		CEB7C9742DBB2C7F0054A4A7 /* SignUpController.swift in Sources */ = {isa = PBXBuildFile; fileRef = CEB7C9732DBB2C7F0054A4A7 /* SignUpController.swift */; };
		CEB7C9762DBB2EDE0054A4A7 /* User.swift in Sources */ = {isa = PBXBuildFile; fileRef = CEB7C9752DBB2EDE0054A4A7 /* User.swift */; };
		CEB7C9782DBB50D20054A4A7 /* HomeViewController.swift in Sources */ = {isa = PBXBuildFile; fileRef = CEB7C9772DBB50D20054A4A7 /* HomeViewController.swift */; };
/* End PBXBuildFile section */

/* Begin PBXContainerItemProxy section */
		CE41A1162DB8C8850008648B /* PBXContainerItemProxy */ = {
			isa = PBXContainerItemProxy;
			containerPortal = CE41A0F72DB8C8840008648B /* Project object */;
			proxyType = 1;
			remoteGlobalIDString = CE41A0FE2DB8C8840008648B;
			remoteInfo = DoAnIOS_Product;
		};
		CE41A1202DB8C8850008648B /* PBXContainerItemProxy */ = {
			isa = PBXContainerItemProxy;
			containerPortal = CE41A0F72DB8C8840008648B /* Project object */;
			proxyType = 1;
			remoteGlobalIDString = CE41A0FE2DB8C8840008648B;
			remoteInfo = DoAnIOS_Product;
		};
/* End PBXContainerItemProxy section */

/* Begin PBXFileReference section */
		CE41A0FF2DB8C8840008648B /* DoAnIOS_Product.app */ = {isa = PBXFileReference; explicitFileType = wrapper.application; includeInIndex = 0; path = DoAnIOS_Product.app; sourceTree = BUILT_PRODUCTS_DIR; };
		CE41A1022DB8C8840008648B /* AppDelegate.swift */ = {isa = PBXFileReference; lastKnownFileType = sourcecode.swift; path = AppDelegate.swift; sourceTree = "<group>"; };
		CE41A1042DB8C8840008648B /* SceneDelegate.swift */ = {isa = PBXFileReference; lastKnownFileType = sourcecode.swift; path = SceneDelegate.swift; sourceTree = "<group>"; };
		CE41A1062DB8C8840008648B /* ProductDetailController.swift */ = {isa = PBXFileReference; lastKnownFileType = sourcecode.swift; path = ProductDetailController.swift; sourceTree = "<group>"; };
		CE41A1092DB8C8840008648B /* Base */ = {isa = PBXFileReference; lastKnownFileType = file.storyboard; name = Base; path = Base.lproj/Main.storyboard; sourceTree = "<group>"; };
		CE41A10B2DB8C8850008648B /* Assets.xcassets */ = {isa = PBXFileReference; lastKnownFileType = folder.assetcatalog; path = Assets.xcassets; sourceTree = "<group>"; };
		CE41A10E2DB8C8850008648B /* Base */ = {isa = PBXFileReference; lastKnownFileType = file.storyboard; name = Base; path = Base.lproj/LaunchScreen.storyboard; sourceTree = "<group>"; };
		CE41A1102DB8C8850008648B /* Info.plist */ = {isa = PBXFileReference; lastKnownFileType = text.plist.xml; path = Info.plist; sourceTree = "<group>"; };
		CE41A1152DB8C8850008648B /* DoAnIOS_ProductTests.xctest */ = {isa = PBXFileReference; explicitFileType = wrapper.cfbundle; includeInIndex = 0; path = DoAnIOS_ProductTests.xctest; sourceTree = BUILT_PRODUCTS_DIR; };
		CE41A1192DB8C8850008648B /* DoAnIOS_ProductTests.swift */ = {isa = PBXFileReference; lastKnownFileType = sourcecode.swift; path = DoAnIOS_ProductTests.swift; sourceTree = "<group>"; };
		CE41A11F2DB8C8850008648B /* DoAnIOS_ProductUITests.xctest */ = {isa = PBXFileReference; explicitFileType = wrapper.cfbundle; includeInIndex = 0; path = DoAnIOS_ProductUITests.xctest; sourceTree = BUILT_PRODUCTS_DIR; };
		CE41A1232DB8C8850008648B /* DoAnIOS_ProductUITests.swift */ = {isa = PBXFileReference; lastKnownFileType = sourcecode.swift; path = DoAnIOS_ProductUITests.swift; sourceTree = "<group>"; };
		CE41A1252DB8C8850008648B /* DoAnIOS_ProductUITestsLaunchTests.swift */ = {isa = PBXFileReference; lastKnownFileType = sourcecode.swift; path = DoAnIOS_ProductUITestsLaunchTests.swift; sourceTree = "<group>"; };
		CE4BF8892DB93002000FAB77 /* libsqlite3.0.tbd */ = {isa = PBXFileReference; lastKnownFileType = "sourcecode.text-based-dylib-definition"; name = libsqlite3.0.tbd; path = usr/lib/libsqlite3.0.tbd; sourceTree = SDKROOT; };
		CE5E1AB42DB948AA0043DD96 /* ProductTableViewController.swift */ = {isa = PBXFileReference; lastKnownFileType = sourcecode.swift; path = ProductTableViewController.swift; sourceTree = "<group>"; };
		CE85D5D52DB9F9000099C0C9 /* Database.swift */ = {isa = PBXFileReference; lastKnownFileType = sourcecode.swift; path = Database.swift; sourceTree = "<group>"; };
		CE9A28EE2DB9370900EDE3EF /* DoAnIOS_Product-Bridging-Header.h */ = {isa = PBXFileReference; lastKnownFileType = sourcecode.c.h; path = "DoAnIOS_Product-Bridging-Header.h"; sourceTree = "<group>"; };
		CE9A28EF2DB9370A00EDE3EF /* FMDatabasePool.h */ = {isa = PBXFileReference; fileEncoding = 4; lastKnownFileType = sourcecode.c.h; name = FMDatabasePool.h; path = ../../../../fmdb/src/fmdb/FMDatabasePool.h; sourceTree = "<group>"; };
		CE9A28F02DB9370A00EDE3EF /* FMResultSet.m */ = {isa = PBXFileReference; fileEncoding = 4; lastKnownFileType = sourcecode.c.objc; name = FMResultSet.m; path = ../../../../fmdb/src/fmdb/FMResultSet.m; sourceTree = "<group>"; };
		CE9A28F12DB9370A00EDE3EF /* info-xrOS.plist */ = {isa = PBXFileReference; fileEncoding = 4; lastKnownFileType = text.plist.xml; name = "info-xrOS.plist"; path = "../../../../fmdb/src/fmdb/info-xrOS.plist"; sourceTree = "<group>"; };
		CE9A28F22DB9370A00EDE3EF /* FMDatabasePool.m */ = {isa = PBXFileReference; fileEncoding = 4; lastKnownFileType = sourcecode.c.objc; name = FMDatabasePool.m; path = ../../../../fmdb/src/fmdb/FMDatabasePool.m; sourceTree = "<group>"; };
		CE9A28F32DB9370A00EDE3EF /* FMDatabaseAdditions.h */ = {isa = PBXFileReference; fileEncoding = 4; lastKnownFileType = sourcecode.c.h; name = FMDatabaseAdditions.h; path = ../../../../fmdb/src/fmdb/FMDatabaseAdditions.h; sourceTree = "<group>"; };
		CE9A28F42DB9370A00EDE3EF /* FMDatabase.h */ = {isa = PBXFileReference; fileEncoding = 4; lastKnownFileType = sourcecode.c.h; name = FMDatabase.h; path = ../../../../fmdb/src/fmdb/FMDatabase.h; sourceTree = "<group>"; };
		CE9A28F52DB9370A00EDE3EF /* FMDatabaseQueue.m */ = {isa = PBXFileReference; fileEncoding = 4; lastKnownFileType = sourcecode.c.objc; name = FMDatabaseQueue.m; path = ../../../../fmdb/src/fmdb/FMDatabaseQueue.m; sourceTree = "<group>"; };
		CE9A28F62DB9370A00EDE3EF /* FMDB.h */ = {isa = PBXFileReference; fileEncoding = 4; lastKnownFileType = sourcecode.c.h; name = FMDB.h; path = ../../../../fmdb/src/fmdb/FMDB.h; sourceTree = "<group>"; };
		CE9A28F72DB9370A00EDE3EF /* FMResultSet.h */ = {isa = PBXFileReference; fileEncoding = 4; lastKnownFileType = sourcecode.c.h; name = FMResultSet.h; path = ../../../../fmdb/src/fmdb/FMResultSet.h; sourceTree = "<group>"; };
		CE9A28F82DB9370A00EDE3EF /* FMDatabaseAdditions.m */ = {isa = PBXFileReference; fileEncoding = 4; lastKnownFileType = sourcecode.c.objc; name = FMDatabaseAdditions.m; path = ../../../../fmdb/src/fmdb/FMDatabaseAdditions.m; sourceTree = "<group>"; };
		CE9A28F92DB9370A00EDE3EF /* FMDatabaseQueue.h */ = {isa = PBXFileReference; fileEncoding = 4; lastKnownFileType = sourcecode.c.h; name = FMDatabaseQueue.h; path = ../../../../fmdb/src/fmdb/FMDatabaseQueue.h; sourceTree = "<group>"; };
		CE9A28FA2DB9370A00EDE3EF /* FMDatabase.m */ = {isa = PBXFileReference; fileEncoding = 4; lastKnownFileType = sourcecode.c.objc; name = FMDatabase.m; path = ../../../../fmdb/src/fmdb/FMDatabase.m; sourceTree = "<group>"; };
		CE9A29032DB938AF00EDE3EF /* Product.swift */ = {isa = PBXFileReference; lastKnownFileType = sourcecode.swift; path = Product.swift; sourceTree = "<group>"; };
		CE9A290A2DB93C6800EDE3EF /* ProductCell.swift */ = {isa = PBXFileReference; lastKnownFileType = sourcecode.swift; path = ProductCell.swift; sourceTree = "<group>"; };
		CEB7C9712DBB28150054A4A7 /* LoginController.swift */ = {isa = PBXFileReference; lastKnownFileType = sourcecode.swift; path = LoginController.swift; sourceTree = "<group>"; };
		CEB7C9732DBB2C7F0054A4A7 /* SignUpController.swift */ = {isa = PBXFileReference; lastKnownFileType = sourcecode.swift; path = SignUpController.swift; sourceTree = "<group>"; };
		CEB7C9752DBB2EDE0054A4A7 /* User.swift */ = {isa = PBXFileReference; lastKnownFileType = sourcecode.swift; path = User.swift; sourceTree = "<group>"; };
		CEB7C9772DBB50D20054A4A7 /* HomeViewController.swift */ = {isa = PBXFileReference; lastKnownFileType = sourcecode.swift; path = HomeViewController.swift; sourceTree = "<group>"; };
/* End PBXFileReference section */

/* Begin PBXFrameworksBuildPhase section */
		CE41A0FC2DB8C8840008648B /* Frameworks */ = {
			isa = PBXFrameworksBuildPhase;
			buildActionMask = 2147483647;
			files = (
				CE4BF88A2DB93002000FAB77 /* libsqlite3.0.tbd in Frameworks */,
			);
			runOnlyForDeploymentPostprocessing = 0;
		};
		CE41A1122DB8C8850008648B /* Frameworks */ = {
			isa = PBXFrameworksBuildPhase;
			buildActionMask = 2147483647;
			files = (
			);
			runOnlyForDeploymentPostprocessing = 0;
		};
		CE41A11C2DB8C8850008648B /* Frameworks */ = {
			isa = PBXFrameworksBuildPhase;
			buildActionMask = 2147483647;
			files = (
			);
			runOnlyForDeploymentPostprocessing = 0;
		};
/* End PBXFrameworksBuildPhase section */

/* Begin PBXGroup section */
		CE41A0F62DB8C8840008648B = {
			isa = PBXGroup;
			children = (
				CE41A1012DB8C8840008648B /* DoAnIOS_Product */,
				CE41A1182DB8C8850008648B /* DoAnIOS_ProductTests */,
				CE41A1222DB8C8850008648B /* DoAnIOS_ProductUITests */,
				CE41A1002DB8C8840008648B /* Products */,
				CE4BF8882DB93002000FAB77 /* Frameworks */,
			);
			sourceTree = "<group>";
		};
		CE41A1002DB8C8840008648B /* Products */ = {
			isa = PBXGroup;
			children = (
				CE41A0FF2DB8C8840008648B /* DoAnIOS_Product.app */,
				CE41A1152DB8C8850008648B /* DoAnIOS_ProductTests.xctest */,
				CE41A11F2DB8C8850008648B /* DoAnIOS_ProductUITests.xctest */,
			);
			name = Products;
			sourceTree = "<group>";
		};
		CE41A1012DB8C8840008648B /* DoAnIOS_Product */ = {
			isa = PBXGroup;
			children = (
				CE9A29072DB93BFE00EDE3EF /* Controls */,
				CE9A29022DB9376F00EDE3EF /* Models */,
				CE9A29012DB9375400EDE3EF /* Controller */,
				CE9A28EA2DB934C700EDE3EF /* FMDB */,
				CE41A1082DB8C8840008648B /* Main.storyboard */,
				CE41A10B2DB8C8850008648B /* Assets.xcassets */,
				CE41A10D2DB8C8850008648B /* LaunchScreen.storyboard */,
				CE41A1322DB8C88F0008648B /* Layouts */,
				CE41A1102DB8C8850008648B /* Info.plist */,
			);
			path = DoAnIOS_Product;
			sourceTree = "<group>";
		};
		CE41A1182DB8C8850008648B /* DoAnIOS_ProductTests */ = {
			isa = PBXGroup;
			children = (
				CE41A1192DB8C8850008648B /* DoAnIOS_ProductTests.swift */,
			);
			path = DoAnIOS_ProductTests;
			sourceTree = "<group>";
		};
		CE41A1222DB8C8850008648B /* DoAnIOS_ProductUITests */ = {
			isa = PBXGroup;
			children = (
				CE41A1232DB8C8850008648B /* DoAnIOS_ProductUITests.swift */,
				CE41A1252DB8C8850008648B /* DoAnIOS_ProductUITestsLaunchTests.swift */,
			);
			path = DoAnIOS_ProductUITests;
			sourceTree = "<group>";
		};
		CE41A1322DB8C88F0008648B /* Layouts */ = {
			isa = PBXGroup;
			children = (
				CE41A1022DB8C8840008648B /* AppDelegate.swift */,
				CE41A1042DB8C8840008648B /* SceneDelegate.swift */,
			);
			name = Layouts;
			path = ..;
			sourceTree = "<group>";
		};
		CE4BF8882DB93002000FAB77 /* Frameworks */ = {
			isa = PBXGroup;
			children = (
				CE4BF8892DB93002000FAB77 /* libsqlite3.0.tbd */,
			);
			name = Frameworks;
			sourceTree = "<group>";
		};
		CE85D5D22DB9F87A0099C0C9 /* DAL */ = {
			isa = PBXGroup;
			children = (
				CE85D5D52DB9F9000099C0C9 /* Database.swift */,
			);
			path = DAL;
			sourceTree = "<group>";
		};
		CE9A28EA2DB934C700EDE3EF /* FMDB */ = {
			isa = PBXGroup;
			children = (
				CE85D5D22DB9F87A0099C0C9 /* DAL */,
				CE9A28EB2DB9361B00EDE3EF /* fmdb */,
			);
			path = FMDB;
			sourceTree = "<group>";
		};
		CE9A28EB2DB9361B00EDE3EF /* fmdb */ = {
			isa = PBXGroup;
			children = (
				CE9A28F42DB9370A00EDE3EF /* FMDatabase.h */,
				CE9A28FA2DB9370A00EDE3EF /* FMDatabase.m */,
				CE9A28F32DB9370A00EDE3EF /* FMDatabaseAdditions.h */,
				CE9A28F82DB9370A00EDE3EF /* FMDatabaseAdditions.m */,
				CE9A28EF2DB9370A00EDE3EF /* FMDatabasePool.h */,
				CE9A28F22DB9370A00EDE3EF /* FMDatabasePool.m */,
				CE9A28F92DB9370A00EDE3EF /* FMDatabaseQueue.h */,
				CE9A28F52DB9370A00EDE3EF /* FMDatabaseQueue.m */,
				CE9A28F62DB9370A00EDE3EF /* FMDB.h */,
				CE9A28F72DB9370A00EDE3EF /* FMResultSet.h */,
				CE9A28F02DB9370A00EDE3EF /* FMResultSet.m */,
				CE9A28F12DB9370A00EDE3EF /* info-xrOS.plist */,
				CE9A28EE2DB9370900EDE3EF /* DoAnIOS_Product-Bridging-Header.h */,
			);
			path = fmdb;
			sourceTree = "<group>";
		};
		CE9A29012DB9375400EDE3EF /* Controller */ = {
			isa = PBXGroup;
			children = (
				CE41A1062DB8C8840008648B /* ProductDetailController.swift */,
				CE5E1AB42DB948AA0043DD96 /* ProductTableViewController.swift */,
				CEB7C9712DBB28150054A4A7 /* LoginController.swift */,
				CEB7C9732DBB2C7F0054A4A7 /* SignUpController.swift */,
				CEB7C9772DBB50D20054A4A7 /* HomeViewController.swift */,
			);
			path = Controller;
			sourceTree = "<group>";
		};
		CE9A29022DB9376F00EDE3EF /* Models */ = {
			isa = PBXGroup;
			children = (
				CE9A29032DB938AF00EDE3EF /* Product.swift */,
				CEB7C9752DBB2EDE0054A4A7 /* User.swift */,
			);
			path = Models;
			sourceTree = "<group>";
		};
		CE9A29072DB93BFE00EDE3EF /* Controls */ = {
			isa = PBXGroup;
			children = (
				CE9A290A2DB93C6800EDE3EF /* ProductCell.swift */,
			);
			path = Controls;
			sourceTree = "<group>";
		};
/* End PBXGroup section */

/* Begin PBXNativeTarget section */
		CE41A0FE2DB8C8840008648B /* DoAnIOS_Product */ = {
			isa = PBXNativeTarget;
			buildConfigurationList = CE41A1292DB8C8850008648B /* Build configuration list for PBXNativeTarget "DoAnIOS_Product" */;
			buildPhases = (
				CE41A0FB2DB8C8840008648B /* Sources */,
				CE41A0FC2DB8C8840008648B /* Frameworks */,
				CE41A0FD2DB8C8840008648B /* Resources */,
			);
			buildRules = (
			);
			dependencies = (
			);
			name = DoAnIOS_Product;
			productName = DoAnIOS_Product;
			productReference = CE41A0FF2DB8C8840008648B /* DoAnIOS_Product.app */;
			productType = "com.apple.product-type.application";
		};
		CE41A1142DB8C8850008648B /* DoAnIOS_ProductTests */ = {
			isa = PBXNativeTarget;
			buildConfigurationList = CE41A12C2DB8C8850008648B /* Build configuration list for PBXNativeTarget "DoAnIOS_ProductTests" */;
			buildPhases = (
				CE41A1112DB8C8850008648B /* Sources */,
				CE41A1122DB8C8850008648B /* Frameworks */,
				CE41A1132DB8C8850008648B /* Resources */,
			);
			buildRules = (
			);
			dependencies = (
				CE41A1172DB8C8850008648B /* PBXTargetDependency */,
			);
			name = DoAnIOS_ProductTests;
			productName = DoAnIOS_ProductTests;
			productReference = CE41A1152DB8C8850008648B /* DoAnIOS_ProductTests.xctest */;
			productType = "com.apple.product-type.bundle.unit-test";
		};
		CE41A11E2DB8C8850008648B /* DoAnIOS_ProductUITests */ = {
			isa = PBXNativeTarget;
			buildConfigurationList = CE41A12F2DB8C8850008648B /* Build configuration list for PBXNativeTarget "DoAnIOS_ProductUITests" */;
			buildPhases = (
				CE41A11B2DB8C8850008648B /* Sources */,
				CE41A11C2DB8C8850008648B /* Frameworks */,
				CE41A11D2DB8C8850008648B /* Resources */,
			);
			buildRules = (
			);
			dependencies = (
				CE41A1212DB8C8850008648B /* PBXTargetDependency */,
			);
			name = DoAnIOS_ProductUITests;
			productName = DoAnIOS_ProductUITests;
			productReference = CE41A11F2DB8C8850008648B /* DoAnIOS_ProductUITests.xctest */;
			productType = "com.apple.product-type.bundle.ui-testing";
		};
/* End PBXNativeTarget section */

/* Begin PBXProject section */
		CE41A0F72DB8C8840008648B /* Project object */ = {
			isa = PBXProject;
			attributes = {
				BuildIndependentTargetsInParallel = 1;
				LastSwiftUpdateCheck = 1420;
				LastUpgradeCheck = 1420;
				TargetAttributes = {
					CE41A0FE2DB8C8840008648B = {
						CreatedOnToolsVersion = 14.2;
						LastSwiftMigration = 1420;
					};
					CE41A1142DB8C8850008648B = {
						CreatedOnToolsVersion = 14.2;
						TestTargetID = CE41A0FE2DB8C8840008648B;
					};
					CE41A11E2DB8C8850008648B = {
						CreatedOnToolsVersion = 14.2;
						TestTargetID = CE41A0FE2DB8C8840008648B;
					};
				};
			};
			buildConfigurationList = CE41A0FA2DB8C8840008648B /* Build configuration list for PBXProject "DoAnIOS_Product" */;
			compatibilityVersion = "Xcode 14.0";
			developmentRegion = en;
			hasScannedForEncodings = 0;
			knownRegions = (
				en,
				Base,
			);
			mainGroup = CE41A0F62DB8C8840008648B;
			productRefGroup = CE41A1002DB8C8840008648B /* Products */;
			projectDirPath = "";
			projectRoot = "";
			targets = (
				CE41A0FE2DB8C8840008648B /* DoAnIOS_Product */,
				CE41A1142DB8C8850008648B /* DoAnIOS_ProductTests */,
				CE41A11E2DB8C8850008648B /* DoAnIOS_ProductUITests */,
			);
		};
/* End PBXProject section */

/* Begin PBXResourcesBuildPhase section */
		CE41A0FD2DB8C8840008648B /* Resources */ = {
			isa = PBXResourcesBuildPhase;
			buildActionMask = 2147483647;
			files = (
				CE41A10F2DB8C8850008648B /* LaunchScreen.storyboard in Resources */,
				CE41A10C2DB8C8850008648B /* Assets.xcassets in Resources */,
				CE9A28FC2DB9370A00EDE3EF /* info-xrOS.plist in Resources */,
				CE41A10A2DB8C8840008648B /* Main.storyboard in Resources */,
			);
			runOnlyForDeploymentPostprocessing = 0;
		};
		CE41A1132DB8C8850008648B /* Resources */ = {
			isa = PBXResourcesBuildPhase;
			buildActionMask = 2147483647;
			files = (
			);
			runOnlyForDeploymentPostprocessing = 0;
		};
		CE41A11D2DB8C8850008648B /* Resources */ = {
			isa = PBXResourcesBuildPhase;
			buildActionMask = 2147483647;
			files = (
			);
			runOnlyForDeploymentPostprocessing = 0;
		};
/* End PBXResourcesBuildPhase section */

/* Begin PBXSourcesBuildPhase section */
		CE41A0FB2DB8C8840008648B /* Sources */ = {
			isa = PBXSourcesBuildPhase;
			buildActionMask = 2147483647;
			files = (
				CE9A28FB2DB9370A00EDE3EF /* FMResultSet.m in Sources */,
				CE9A28FE2DB9370A00EDE3EF /* FMDatabaseQueue.m in Sources */,
				CE41A1072DB8C8840008648B /* ProductDetailController.swift in Sources */,
				CEB7C9722DBB28150054A4A7 /* LoginController.swift in Sources */,
				CE9A29002DB9370A00EDE3EF /* FMDatabase.m in Sources */,
				CE41A1032DB8C8840008648B /* AppDelegate.swift in Sources */,
				CE9A29042DB938AF00EDE3EF /* Product.swift in Sources */,
				CE9A28FF2DB9370A00EDE3EF /* FMDatabaseAdditions.m in Sources */,
				CEB7C9762DBB2EDE0054A4A7 /* User.swift in Sources */,
				CE9A28FD2DB9370A00EDE3EF /* FMDatabasePool.m in Sources */,
				CEB7C9742DBB2C7F0054A4A7 /* SignUpController.swift in Sources */,
				CEB7C9782DBB50D20054A4A7 /* HomeViewController.swift in Sources */,
				CE9A290B2DB93C6800EDE3EF /* ProductCell.swift in Sources */,
				CE5E1AB52DB948AA0043DD96 /* ProductTableViewController.swift in Sources */,
				CE85D5D62DB9F9000099C0C9 /* Database.swift in Sources */,
				CE41A1052DB8C8840008648B /* SceneDelegate.swift in Sources */,
			);
			runOnlyForDeploymentPostprocessing = 0;
		};
		CE41A1112DB8C8850008648B /* Sources */ = {
			isa = PBXSourcesBuildPhase;
			buildActionMask = 2147483647;
			files = (
				CE41A11A2DB8C8850008648B /* DoAnIOS_ProductTests.swift in Sources */,
			);
			runOnlyForDeploymentPostprocessing = 0;
		};
		CE41A11B2DB8C8850008648B /* Sources */ = {
			isa = PBXSourcesBuildPhase;
			buildActionMask = 2147483647;
			files = (
				CE41A1262DB8C8850008648B /* DoAnIOS_ProductUITestsLaunchTests.swift in Sources */,
				CE41A1242DB8C8850008648B /* DoAnIOS_ProductUITests.swift in Sources */,
			);
			runOnlyForDeploymentPostprocessing = 0;
		};
/* End PBXSourcesBuildPhase section */

/* Begin PBXTargetDependency section */
		CE41A1172DB8C8850008648B /* PBXTargetDependency */ = {
			isa = PBXTargetDependency;
			target = CE41A0FE2DB8C8840008648B /* DoAnIOS_Product */;
			targetProxy = CE41A1162DB8C8850008648B /* PBXContainerItemProxy */;
		};
		CE41A1212DB8C8850008648B /* PBXTargetDependency */ = {
			isa = PBXTargetDependency;
			target = CE41A0FE2DB8C8840008648B /* DoAnIOS_Product */;
			targetProxy = CE41A1202DB8C8850008648B /* PBXContainerItemProxy */;
		};
/* End PBXTargetDependency section */

/* Begin PBXVariantGroup section */
		CE41A1082DB8C8840008648B /* Main.storyboard */ = {
			isa = PBXVariantGroup;
			children = (
				CE41A1092DB8C8840008648B /* Base */,
			);
			name = Main.storyboard;
			sourceTree = "<group>";
		};
		CE41A10D2DB8C8850008648B /* LaunchScreen.storyboard */ = {
			isa = PBXVariantGroup;
			children = (
				CE41A10E2DB8C8850008648B /* Base */,
			);
			name = LaunchScreen.storyboard;
			sourceTree = "<group>";
		};
/* End PBXVariantGroup section */

/* Begin XCBuildConfiguration section */
		CE41A1272DB8C8850008648B /* Debug */ = {
			isa = XCBuildConfiguration;
			buildSettings = {
				ALWAYS_SEARCH_USER_PATHS = NO;
				CLANG_ANALYZER_NONNULL = YES;
				CLANG_ANALYZER_NUMBER_OBJECT_CONVERSION = YES_AGGRESSIVE;
				CLANG_CXX_LANGUAGE_STANDARD = "gnu++20";
				CLANG_ENABLE_MODULES = YES;
				CLANG_ENABLE_OBJC_ARC = YES;
				CLANG_ENABLE_OBJC_WEAK = YES;
				CLANG_WARN_BLOCK_CAPTURE_AUTORELEASING = YES;
				CLANG_WARN_BOOL_CONVERSION = YES;
				CLANG_WARN_COMMA = YES;
				CLANG_WARN_CONSTANT_CONVERSION = YES;
				CLANG_WARN_DEPRECATED_OBJC_IMPLEMENTATIONS = YES;
				CLANG_WARN_DIRECT_OBJC_ISA_USAGE = YES_ERROR;
				CLANG_WARN_DOCUMENTATION_COMMENTS = YES;
				CLANG_WARN_EMPTY_BODY = YES;
				CLANG_WARN_ENUM_CONVERSION = YES;
				CLANG_WARN_INFINITE_RECURSION = YES;
				CLANG_WARN_INT_CONVERSION = YES;
				CLANG_WARN_NON_LITERAL_NULL_CONVERSION = YES;
				CLANG_WARN_OBJC_IMPLICIT_RETAIN_SELF = YES;
				CLANG_WARN_OBJC_LITERAL_CONVERSION = YES;
				CLANG_WARN_OBJC_ROOT_CLASS = YES_ERROR;
				CLANG_WARN_QUOTED_INCLUDE_IN_FRAMEWORK_HEADER = YES;
				CLANG_WARN_RANGE_LOOP_ANALYSIS = YES;
				CLANG_WARN_STRICT_PROTOTYPES = YES;
				CLANG_WARN_SUSPICIOUS_MOVE = YES;
				CLANG_WARN_UNGUARDED_AVAILABILITY = YES_AGGRESSIVE;
				CLANG_WARN_UNREACHABLE_CODE = YES;
				CLANG_WARN__DUPLICATE_METHOD_MATCH = YES;
				COPY_PHASE_STRIP = NO;
				DEBUG_INFORMATION_FORMAT = dwarf;
				ENABLE_STRICT_OBJC_MSGSEND = YES;
				ENABLE_TESTABILITY = YES;
				GCC_C_LANGUAGE_STANDARD = gnu11;
				GCC_DYNAMIC_NO_PIC = NO;
				GCC_NO_COMMON_BLOCKS = YES;
				GCC_OPTIMIZATION_LEVEL = 0;
				GCC_PREPROCESSOR_DEFINITIONS = (
					"DEBUG=1",
					"$(inherited)",
				);
				GCC_WARN_64_TO_32_BIT_CONVERSION = YES;
				GCC_WARN_ABOUT_RETURN_TYPE = YES_ERROR;
				GCC_WARN_UNDECLARED_SELECTOR = YES;
				GCC_WARN_UNINITIALIZED_AUTOS = YES_AGGRESSIVE;
				GCC_WARN_UNUSED_FUNCTION = YES;
				GCC_WARN_UNUSED_VARIABLE = YES;
				IPHONEOS_DEPLOYMENT_TARGET = 16.2;
				MTL_ENABLE_DEBUG_INFO = INCLUDE_SOURCE;
				MTL_FAST_MATH = YES;
				ONLY_ACTIVE_ARCH = YES;
				SDKROOT = iphoneos;
				SWIFT_ACTIVE_COMPILATION_CONDITIONS = DEBUG;
				SWIFT_OPTIMIZATION_LEVEL = "-Onone";
			};
			name = Debug;
		};
		CE41A1282DB8C8850008648B /* Release */ = {
			isa = XCBuildConfiguration;
			buildSettings = {
				ALWAYS_SEARCH_USER_PATHS = NO;
				CLANG_ANALYZER_NONNULL = YES;
				CLANG_ANALYZER_NUMBER_OBJECT_CONVERSION = YES_AGGRESSIVE;
				CLANG_CXX_LANGUAGE_STANDARD = "gnu++20";
				CLANG_ENABLE_MODULES = YES;
				CLANG_ENABLE_OBJC_ARC = YES;
				CLANG_ENABLE_OBJC_WEAK = YES;
				CLANG_WARN_BLOCK_CAPTURE_AUTORELEASING = YES;
				CLANG_WARN_BOOL_CONVERSION = YES;
				CLANG_WARN_COMMA = YES;
				CLANG_WARN_CONSTANT_CONVERSION = YES;
				CLANG_WARN_DEPRECATED_OBJC_IMPLEMENTATIONS = YES;
				CLANG_WARN_DIRECT_OBJC_ISA_USAGE = YES_ERROR;
				CLANG_WARN_DOCUMENTATION_COMMENTS = YES;
				CLANG_WARN_EMPTY_BODY = YES;
				CLANG_WARN_ENUM_CONVERSION = YES;
				CLANG_WARN_INFINITE_RECURSION = YES;
				CLANG_WARN_INT_CONVERSION = YES;
				CLANG_WARN_NON_LITERAL_NULL_CONVERSION = YES;
				CLANG_WARN_OBJC_IMPLICIT_RETAIN_SELF = YES;
				CLANG_WARN_OBJC_LITERAL_CONVERSION = YES;
				CLANG_WARN_OBJC_ROOT_CLASS = YES_ERROR;
				CLANG_WARN_QUOTED_INCLUDE_IN_FRAMEWORK_HEADER = YES;
				CLANG_WARN_RANGE_LOOP_ANALYSIS = YES;
				CLANG_WARN_STRICT_PROTOTYPES = YES;
				CLANG_WARN_SUSPICIOUS_MOVE = YES;
				CLANG_WARN_UNGUARDED_AVAILABILITY = YES_AGGRESSIVE;
				CLANG_WARN_UNREACHABLE_CODE = YES;
				CLANG_WARN__DUPLICATE_METHOD_MATCH = YES;
				COPY_PHASE_STRIP = NO;
				DEBUG_INFORMATION_FORMAT = "dwarf-with-dsym";
				ENABLE_NS_ASSERTIONS = NO;
				ENABLE_STRICT_OBJC_MSGSEND = YES;
				GCC_C_LANGUAGE_STANDARD = gnu11;
				GCC_NO_COMMON_BLOCKS = YES;
				GCC_WARN_64_TO_32_BIT_CONVERSION = YES;
				GCC_WARN_ABOUT_RETURN_TYPE = YES_ERROR;
				GCC_WARN_UNDECLARED_SELECTOR = YES;
				GCC_WARN_UNINITIALIZED_AUTOS = YES_AGGRESSIVE;
				GCC_WARN_UNUSED_FUNCTION = YES;
				GCC_WARN_UNUSED_VARIABLE = YES;
				IPHONEOS_DEPLOYMENT_TARGET = 16.2;
				MTL_ENABLE_DEBUG_INFO = NO;
				MTL_FAST_MATH = YES;
				SDKROOT = iphoneos;
				SWIFT_COMPILATION_MODE = wholemodule;
				SWIFT_OPTIMIZATION_LEVEL = "-O";
				VALIDATE_PRODUCT = YES;
			};
			name = Release;
		};
		CE41A12A2DB8C8850008648B /* Debug */ = {
			isa = XCBuildConfiguration;
			buildSettings = {
				ASSETCATALOG_COMPILER_APPICON_NAME = AppIcon;
				ASSETCATALOG_COMPILER_GLOBAL_ACCENT_COLOR_NAME = AccentColor;
				CLANG_ENABLE_MODULES = YES;
				CODE_SIGN_STYLE = Automatic;
				CURRENT_PROJECT_VERSION = 1;
				GENERATE_INFOPLIST_FILE = YES;
				INFOPLIST_FILE = DoAnIOS_Product/Info.plist;
				INFOPLIST_KEY_UIApplicationSupportsIndirectInputEvents = YES;
				INFOPLIST_KEY_UILaunchStoryboardName = LaunchScreen;
				INFOPLIST_KEY_UIMainStoryboardFile = Main;
				INFOPLIST_KEY_UISupportedInterfaceOrientations_iPad = "UIInterfaceOrientationPortrait UIInterfaceOrientationPortraitUpsideDown UIInterfaceOrientationLandscapeLeft UIInterfaceOrientationLandscapeRight";
				INFOPLIST_KEY_UISupportedInterfaceOrientations_iPhone = "UIInterfaceOrientationPortrait UIInterfaceOrientationLandscapeLeft UIInterfaceOrientationLandscapeRight";
				LD_RUNPATH_SEARCH_PATHS = (
					"$(inherited)",
					"@executable_path/Frameworks",
				);
				MARKETING_VERSION = 1.0;
				PRODUCT_BUNDLE_IDENTIFIER = "vn.edu.tdc.DoAnIOS-Product";
				PRODUCT_NAME = "$(TARGET_NAME)";
				SWIFT_EMIT_LOC_STRINGS = YES;
				SWIFT_OBJC_BRIDGING_HEADER = "DoAnIOS_Product/FMDB/fmdb/DoAnIOS_Product-Bridging-Header.h";
				SWIFT_OPTIMIZATION_LEVEL = "-Onone";
				SWIFT_VERSION = 5.0;
				TARGETED_DEVICE_FAMILY = "1,2";
			};
			name = Debug;
		};
		CE41A12B2DB8C8850008648B /* Release */ = {
			isa = XCBuildConfiguration;
			buildSettings = {
				ASSETCATALOG_COMPILER_APPICON_NAME = AppIcon;
				ASSETCATALOG_COMPILER_GLOBAL_ACCENT_COLOR_NAME = AccentColor;
				CLANG_ENABLE_MODULES = YES;
				CODE_SIGN_STYLE = Automatic;
				CURRENT_PROJECT_VERSION = 1;
				GENERATE_INFOPLIST_FILE = YES;
				INFOPLIST_FILE = DoAnIOS_Product/Info.plist;
				INFOPLIST_KEY_UIApplicationSupportsIndirectInputEvents = YES;
				INFOPLIST_KEY_UILaunchStoryboardName = LaunchScreen;
				INFOPLIST_KEY_UIMainStoryboardFile = Main;
				INFOPLIST_KEY_UISupportedInterfaceOrientations_iPad = "UIInterfaceOrientationPortrait UIInterfaceOrientationPortraitUpsideDown UIInterfaceOrientationLandscapeLeft UIInterfaceOrientationLandscapeRight";
				INFOPLIST_KEY_UISupportedInterfaceOrientations_iPhone = "UIInterfaceOrientationPortrait UIInterfaceOrientationLandscapeLeft UIInterfaceOrientationLandscapeRight";
				LD_RUNPATH_SEARCH_PATHS = (
					"$(inherited)",
					"@executable_path/Frameworks",
				);
				MARKETING_VERSION = 1.0;
				PRODUCT_BUNDLE_IDENTIFIER = "vn.edu.tdc.DoAnIOS-Product";
				PRODUCT_NAME = "$(TARGET_NAME)";
				SWIFT_EMIT_LOC_STRINGS = YES;
				SWIFT_OBJC_BRIDGING_HEADER = "DoAnIOS_Product/FMDB/fmdb/DoAnIOS_Product-Bridging-Header.h";
				SWIFT_VERSION = 5.0;
				TARGETED_DEVICE_FAMILY = "1,2";
			};
			name = Release;
		};
		CE41A12D2DB8C8850008648B /* Debug */ = {
			isa = XCBuildConfiguration;
			buildSettings = {
				ALWAYS_EMBED_SWIFT_STANDARD_LIBRARIES = YES;
				BUNDLE_LOADER = "$(TEST_HOST)";
				CODE_SIGN_STYLE = Automatic;
				CURRENT_PROJECT_VERSION = 1;
				GENERATE_INFOPLIST_FILE = YES;
				IPHONEOS_DEPLOYMENT_TARGET = 16.2;
				MARKETING_VERSION = 1.0;
				PRODUCT_BUNDLE_IDENTIFIER = "vn.edu.tdc.DoAnIOS-ProductTests";
				PRODUCT_NAME = "$(TARGET_NAME)";
				SWIFT_EMIT_LOC_STRINGS = NO;
				SWIFT_VERSION = 5.0;
				TARGETED_DEVICE_FAMILY = "1,2";
				TEST_HOST = "$(BUILT_PRODUCTS_DIR)/DoAnIOS_Product.app/$(BUNDLE_EXECUTABLE_FOLDER_PATH)/DoAnIOS_Product";
			};
			name = Debug;
		};
		CE41A12E2DB8C8850008648B /* Release */ = {
			isa = XCBuildConfiguration;
			buildSettings = {
				ALWAYS_EMBED_SWIFT_STANDARD_LIBRARIES = YES;
				BUNDLE_LOADER = "$(TEST_HOST)";
				CODE_SIGN_STYLE = Automatic;
				CURRENT_PROJECT_VERSION = 1;
				GENERATE_INFOPLIST_FILE = YES;
				IPHONEOS_DEPLOYMENT_TARGET = 16.2;
				MARKETING_VERSION = 1.0;
				PRODUCT_BUNDLE_IDENTIFIER = "vn.edu.tdc.DoAnIOS-ProductTests";
				PRODUCT_NAME = "$(TARGET_NAME)";
				SWIFT_EMIT_LOC_STRINGS = NO;
				SWIFT_VERSION = 5.0;
				TARGETED_DEVICE_FAMILY = "1,2";
				TEST_HOST = "$(BUILT_PRODUCTS_DIR)/DoAnIOS_Product.app/$(BUNDLE_EXECUTABLE_FOLDER_PATH)/DoAnIOS_Product";
			};
			name = Release;
		};
		CE41A1302DB8C8850008648B /* Debug */ = {
			isa = XCBuildConfiguration;
			buildSettings = {
				ALWAYS_EMBED_SWIFT_STANDARD_LIBRARIES = YES;
				CODE_SIGN_STYLE = Automatic;
				CURRENT_PROJECT_VERSION = 1;
				GENERATE_INFOPLIST_FILE = YES;
				MARKETING_VERSION = 1.0;
				PRODUCT_BUNDLE_IDENTIFIER = "vn.edu.tdc.DoAnIOS-ProductUITests";
				PRODUCT_NAME = "$(TARGET_NAME)";
				SWIFT_EMIT_LOC_STRINGS = NO;
				SWIFT_VERSION = 5.0;
				TARGETED_DEVICE_FAMILY = "1,2";
				TEST_TARGET_NAME = DoAnIOS_Product;
			};
			name = Debug;
		};
		CE41A1312DB8C8850008648B /* Release */ = {
			isa = XCBuildConfiguration;
			buildSettings = {
				ALWAYS_EMBED_SWIFT_STANDARD_LIBRARIES = YES;
				CODE_SIGN_STYLE = Automatic;
				CURRENT_PROJECT_VERSION = 1;
				GENERATE_INFOPLIST_FILE = YES;
				MARKETING_VERSION = 1.0;
				PRODUCT_BUNDLE_IDENTIFIER = "vn.edu.tdc.DoAnIOS-ProductUITests";
				PRODUCT_NAME = "$(TARGET_NAME)";
				SWIFT_EMIT_LOC_STRINGS = NO;
				SWIFT_VERSION = 5.0;
				TARGETED_DEVICE_FAMILY = "1,2";
				TEST_TARGET_NAME = DoAnIOS_Product;
			};
			name = Release;
		};
/* End XCBuildConfiguration section */

/* Begin XCConfigurationList section */
		CE41A0FA2DB8C8840008648B /* Build configuration list for PBXProject "DoAnIOS_Product" */ = {
			isa = XCConfigurationList;
			buildConfigurations = (
				CE41A1272DB8C8850008648B /* Debug */,
				CE41A1282DB8C8850008648B /* Release */,
			);
			defaultConfigurationIsVisible = 0;
			defaultConfigurationName = Release;
		};
		CE41A1292DB8C8850008648B /* Build configuration list for PBXNativeTarget "DoAnIOS_Product" */ = {
			isa = XCConfigurationList;
			buildConfigurations = (
				CE41A12A2DB8C8850008648B /* Debug */,
				CE41A12B2DB8C8850008648B /* Release */,
			);
			defaultConfigurationIsVisible = 0;
			defaultConfigurationName = Release;
		};
		CE41A12C2DB8C8850008648B /* Build configuration list for PBXNativeTarget "DoAnIOS_ProductTests" */ = {
			isa = XCConfigurationList;
			buildConfigurations = (
				CE41A12D2DB8C8850008648B /* Debug */,
				CE41A12E2DB8C8850008648B /* Release */,
			);
			defaultConfigurationIsVisible = 0;
			defaultConfigurationName = Release;
		};
		CE41A12F2DB8C8850008648B /* Build configuration list for PBXNativeTarget "DoAnIOS_ProductUITests" */ = {
			isa = XCConfigurationList;
			buildConfigurations = (
				CE41A1302DB8C8850008648B /* Debug */,
				CE41A1312DB8C8850008648B /* Release */,
			);
			defaultConfigurationIsVisible = 0;
			defaultConfigurationName = Release;
		};
/* End XCConfigurationList section */
	};
	rootObject = CE41A0F72DB8C8840008648B /* Project object */;
}
